
Microsoft Visual Studio Solution File, Format Version 12.00
# Visual Studio Version 17
VisualStudioVersion = 17.3.32611.2
MinimumVisualStudioVersion = 10.0.40219.1
Project("{FAE04EC0-301F-11D3-BF4B-00C04F79EFBC}") = "CellularAutomata", "CellularAutomata\CellularAutomata.csproj", "{360BC862-B0C6-4ECB-BE67-3F8CBADF176D}"
EndProject
Global
	GlobalSection(SolutionConfigurationPlatforms) = preSolution
		Debug|Any CPU = Debug|Any CPU
		Release|Any CPU = Release|Any CPU
	EndGlobalSection
	GlobalSection(ProjectConfigurationPlatforms) = postSolution
		{360BC862-B0C6-4ECB-BE67-3F8CBADF176D}.Debug|Any CPU.ActiveCfg = Debug|Any CPU
		{360BC862-B0C6-4ECB-BE67-3F8CBADF176D}.Debug|Any CPU.Build.0 = Debug|Any CPU
		{360BC862-B0C6-4ECB-BE67-3F8CBADF176D}.Release|Any CPU.ActiveCfg = Release|Any CPU
		{360BC862-B0C6-4ECB-BE67-3F8CBADF176D}.Release|Any CPU.Build.0 = Release|Any CPU
	EndGlobalSection
	GlobalSection(SolutionProperties) = preSolution
		HideSolutionNode = FALSE
	EndGlobalSection
	GlobalSection(ExtensibilityGlobals) = postSolution
		SolutionGuid = {D1802069-5FB4-4385-ADDD-C91F5FCEAAD3}
	EndGlobalSection
EndGlobal
